
Microsoft Visual Studio Solution File, Format Version 12.00
# Visual Studio 2013
VisualStudioVersion = 12.0.30501.0
MinimumVisualStudioVersion = 10.0.40219.1
Project("{FAE04EC0-301F-11D3-BF4B-00C04F79EFBC}") = "CS4400", "CS4400\CS4400.csproj", "{83C87F5C-0D77-450B-A261-5AAE59F123DD}"
EndProject
Project("{FAE04EC0-301F-11D3-BF4B-00C04F79EFBC}") = "CS4400.Common", "CS4400.Common\CS4400.Common.csproj", "{7DD69B5F-CB74-411C-B593-FE47EBCAE0AE}"
EndProject
Project("{FAE04EC0-301F-11D3-BF4B-00C04F79EFBC}") = "CS4400.Data", "CS4400.Data\CS4400.Data.csproj", "{2A0AEC09-EAF2-4796-BAB6-CAEA0390C923}"
EndProject
Project("{FAE04EC0-301F-11D3-BF4B-00C04F79EFBC}") = "CS4400.Model", "CS4400.Model\CS4400.Model.csproj", "{33FF0093-865D-49CD-A96F-C35C5F3F3B6D}"
EndProject
Global
	GlobalSection(SolutionConfigurationPlatforms) = preSolution
		Debug|Any CPU = Debug|Any CPU
		Release|Any CPU = Release|Any CPU
	EndGlobalSection
	GlobalSection(ProjectConfigurationPlatforms) = postSolution
		{83C87F5C-0D77-450B-A261-5AAE59F123DD}.Debug|Any CPU.ActiveCfg = Debug|Any CPU
		{83C87F5C-0D77-450B-A261-5AAE59F123DD}.Debug|Any CPU.Build.0 = Debug|Any CPU
		{83C87F5C-0D77-450B-A261-5AAE59F123DD}.Release|Any CPU.ActiveCfg = Release|Any CPU
		{83C87F5C-0D77-450B-A261-5AAE59F123DD}.Release|Any CPU.Build.0 = Release|Any CPU
		{7DD69B5F-CB74-411C-B593-FE47EBCAE0AE}.Debug|Any CPU.ActiveCfg = Debug|Any CPU
		{7DD69B5F-CB74-411C-B593-FE47EBCAE0AE}.Debug|Any CPU.Build.0 = Debug|Any CPU
		{7DD69B5F-CB74-411C-B593-FE47EBCAE0AE}.Release|Any CPU.ActiveCfg = Release|Any CPU
		{7DD69B5F-CB74-411C-B593-FE47EBCAE0AE}.Release|Any CPU.Build.0 = Release|Any CPU
		{2A0AEC09-EAF2-4796-BAB6-CAEA0390C923}.Debug|Any CPU.ActiveCfg = Debug|Any CPU
		{2A0AEC09-EAF2-4796-BAB6-CAEA0390C923}.Debug|Any CPU.Build.0 = Debug|Any CPU
		{2A0AEC09-EAF2-4796-BAB6-CAEA0390C923}.Release|Any CPU.ActiveCfg = Release|Any CPU
		{2A0AEC09-EAF2-4796-BAB6-CAEA0390C923}.Release|Any CPU.Build.0 = Release|Any CPU
		{33FF0093-865D-49CD-A96F-C35C5F3F3B6D}.Debug|Any CPU.ActiveCfg = Debug|Any CPU
		{33FF0093-865D-49CD-A96F-C35C5F3F3B6D}.Debug|Any CPU.Build.0 = Debug|Any CPU
		{33FF0093-865D-49CD-A96F-C35C5F3F3B6D}.Release|Any CPU.ActiveCfg = Release|Any CPU
		{33FF0093-865D-49CD-A96F-C35C5F3F3B6D}.Release|Any CPU.Build.0 = Release|Any CPU
	EndGlobalSection
	GlobalSection(SolutionProperties) = preSolution
		HideSolutionNode = FALSE
	EndGlobalSection
EndGlobal
